
Microsoft Visual Studio Solution File, Format Version 12.00
# Visual Studio Version 16
VisualStudioVersion = 16.0.30711.63
MinimumVisualStudioVersion = 10.0.40219.1
Project("{FAE04EC0-301F-11D3-BF4B-00C04F79EFBC}") = "EmployeeManagement", "EmployeeManagement\EmployeeManagement.csproj", "{466D3758-EA03-43A6-B28C-FDAB4FD75659}"
EndProject
Global
	GlobalSection(SolutionConfigurationPlatforms) = preSolution
		Debug|Any CPU = Debug|Any CPU
		Release|Any CPU = Release|Any CPU
	EndGlobalSection
	GlobalSection(ProjectConfigurationPlatforms) = postSolution
		{466D3758-EA03-43A6-B28C-FDAB4FD75659}.Debug|Any CPU.ActiveCfg = Debug|Any CPU
		{466D3758-EA03-43A6-B28C-FDAB4FD75659}.Debug|Any CPU.Build.0 = Debug|Any CPU
		{466D3758-EA03-43A6-B28C-FDAB4FD75659}.Release|Any CPU.ActiveCfg = Release|Any CPU
		{466D3758-EA03-43A6-B28C-FDAB4FD75659}.Release|Any CPU.Build.0 = Release|Any CPU
	EndGlobalSection
	GlobalSection(SolutionProperties) = preSolution
		HideSolutionNode = FALSE
	EndGlobalSection
	GlobalSection(ExtensibilityGlobals) = postSolution
		SolutionGuid = {BD104947-53D3-4871-8554-81E1CE4AD3F3}
	EndGlobalSection
EndGlobal
